
Microsoft Visual Studio Solution File, Format Version 12.00
# Visual Studio Version 17
VisualStudioVersion = 17.9.34723.18
MinimumVisualStudioVersion = 10.0.40219.1
Project("{8BC9CEB8-8B4A-11D0-8D11-00A0C91BC942}") = "MT3-00-01", "MT3-00-01.vcxproj", "{3E1C17B9-0E97-4D6D-BEDB-FB31155E4DC6}"
EndProject
Global
	GlobalSection(SolutionConfigurationPlatforms) = preSolution
		Debug|x64 = Debug|x64
		Release|x64 = Release|x64
	EndGlobalSection
	GlobalSection(ProjectConfigurationPlatforms) = postSolution
		{3E1C17B9-0E97-4D6D-BEDB-FB31155E4DC6}.Debug|x64.ActiveCfg = Debug|x64
		{3E1C17B9-0E97-4D6D-BEDB-FB31155E4DC6}.Debug|x64.Build.0 = Debug|x64
		{3E1C17B9-0E97-4D6D-BEDB-FB31155E4DC6}.Release|x64.ActiveCfg = Release|x64
		{3E1C17B9-0E97-4D6D-BEDB-FB31155E4DC6}.Release|x64.Build.0 = Release|x64
	EndGlobalSection
	GlobalSection(SolutionProperties) = preSolution
		HideSolutionNode = FALSE
	EndGlobalSection
	GlobalSection(ExtensibilityGlobals) = postSolution
		SolutionGuid = {72D30F02-5DBE-4FED-AA79-14A52A94DFE1}
	EndGlobalSection
EndGlobal
